// !$*UTF8*$!
{
	archiveVersion = 1;
	classes = {
	};
	objectVersion = 46;
	objects = {

/* Begin PBXBuildFile section */
		EFE0F72F1D1D0FF100AEBBAD /* AppDelegate.swift in Sources */ = {isa = PBXBuildFile; fileRef = EFE0F72E1D1D0FF100AEBBAD /* AppDelegate.swift */; };
		EFE0F7311D1D0FF100AEBBAD /* ViewController.swift in Sources */ = {isa = PBXBuildFile; fileRef = EFE0F7301D1D0FF100AEBBAD /* ViewController.swift */; };
		EFE0F7341D1D0FF100AEBBAD /* Main.storyboard in Resources */ = {isa = PBXBuildFile; fileRef = EFE0F7321D1D0FF100AEBBAD /* Main.storyboard */; };
		EFE0F7361D1D0FF100AEBBAD /* Assets.xcassets in Resources */ = {isa = PBXBuildFile; fileRef = EFE0F7351D1D0FF100AEBBAD /* Assets.xcassets */; };
		EFE0F7391D1D0FF100AEBBAD /* LaunchScreen.storyboard in Resources */ = {isa = PBXBuildFile; fileRef = EFE0F7371D1D0FF100AEBBAD /* LaunchScreen.storyboard */; };
		EFE0F7411D1D107F00AEBBAD /* CustomTabBarController.swift in Sources */ = {isa = PBXBuildFile; fileRef = EFE0F7401D1D107F00AEBBAD /* CustomTabBarController.swift */; };
		EFE0F7431D1D10AD00AEBBAD /* CustomTabBar.swift in Sources */ = {isa = PBXBuildFile; fileRef = EFE0F7421D1D10AD00AEBBAD /* CustomTabBar.swift */; };
		EFE0F7451D1D283D00AEBBAD /* MainViewController.swift in Sources */ = {isa = PBXBuildFile; fileRef = EFE0F7441D1D283D00AEBBAD /* MainViewController.swift */; };
		EFE0F7471D1D287100AEBBAD /* ClassifyViewController.swift in Sources */ = {isa = PBXBuildFile; fileRef = EFE0F7461D1D287100AEBBAD /* ClassifyViewController.swift */; };
		EFE0F7491D1D28B900AEBBAD /* DynamicViewController.swift in Sources */ = {isa = PBXBuildFile; fileRef = EFE0F7481D1D28B900AEBBAD /* DynamicViewController.swift */; };
		EFE0F74B1D1D28C800AEBBAD /* SetViewController.swift in Sources */ = {isa = PBXBuildFile; fileRef = EFE0F74A1D1D28C800AEBBAD /* SetViewController.swift */; };
		EFE0F74D1D1D28D100AEBBAD /* MeViewController.swift in Sources */ = {isa = PBXBuildFile; fileRef = EFE0F74C1D1D28D100AEBBAD /* MeViewController.swift */; };
		EFE0F74F1D1D328900AEBBAD /* DetailViewController.swift in Sources */ = {isa = PBXBuildFile; fileRef = EFE0F74E1D1D328900AEBBAD /* DetailViewController.swift */; };
/* End PBXBuildFile section */

/* Begin PBXFileReference section */
		EFE0F72B1D1D0FF100AEBBAD /* CustomTabBar.app */ = {isa = PBXFileReference; explicitFileType = wrapper.application; includeInIndex = 0; path = CustomTabBar.app; sourceTree = BUILT_PRODUCTS_DIR; };
		EFE0F72E1D1D0FF100AEBBAD /* AppDelegate.swift */ = {isa = PBXFileReference; lastKnownFileType = sourcecode.swift; path = AppDelegate.swift; sourceTree = "<group>"; };
		EFE0F7301D1D0FF100AEBBAD /* ViewController.swift */ = {isa = PBXFileReference; lastKnownFileType = sourcecode.swift; path = ViewController.swift; sourceTree = "<group>"; };
		EFE0F7331D1D0FF100AEBBAD /* Base */ = {isa = PBXFileReference; lastKnownFileType = file.storyboard; name = Base; path = Base.lproj/Main.storyboard; sourceTree = "<group>"; };
		EFE0F7351D1D0FF100AEBBAD /* Assets.xcassets */ = {isa = PBXFileReference; lastKnownFileType = folder.assetcatalog; path = Assets.xcassets; sourceTree = "<group>"; };
		EFE0F7381D1D0FF100AEBBAD /* Base */ = {isa = PBXFileReference; lastKnownFileType = file.storyboard; name = Base; path = Base.lproj/LaunchScreen.storyboard; sourceTree = "<group>"; };
		EFE0F73A1D1D0FF100AEBBAD /* Info.plist */ = {isa = PBXFileReference; lastKnownFileType = text.plist.xml; path = Info.plist; sourceTree = "<group>"; };
		EFE0F7401D1D107F00AEBBAD /* CustomTabBarController.swift */ = {isa = PBXFileReference; fileEncoding = 4; lastKnownFileType = sourcecode.swift; path = CustomTabBarController.swift; sourceTree = "<group>"; };
		EFE0F7421D1D10AD00AEBBAD /* CustomTabBar.swift */ = {isa = PBXFileReference; fileEncoding = 4; lastKnownFileType = sourcecode.swift; path = CustomTabBar.swift; sourceTree = "<group>"; };
		EFE0F7441D1D283D00AEBBAD /* MainViewController.swift */ = {isa = PBXFileReference; fileEncoding = 4; lastKnownFileType = sourcecode.swift; path = MainViewController.swift; sourceTree = "<group>"; };
		EFE0F7461D1D287100AEBBAD /* ClassifyViewController.swift */ = {isa = PBXFileReference; fileEncoding = 4; lastKnownFileType = sourcecode.swift; path = ClassifyViewController.swift; sourceTree = "<group>"; };
		EFE0F7481D1D28B900AEBBAD /* DynamicViewController.swift */ = {isa = PBXFileReference; fileEncoding = 4; lastKnownFileType = sourcecode.swift; path = DynamicViewController.swift; sourceTree = "<group>"; };
		EFE0F74A1D1D28C800AEBBAD /* SetViewController.swift */ = {isa = PBXFileReference; fileEncoding = 4; lastKnownFileType = sourcecode.swift; path = SetViewController.swift; sourceTree = "<group>"; };
		EFE0F74C1D1D28D100AEBBAD /* MeViewController.swift */ = {isa = PBXFileReference; fileEncoding = 4; lastKnownFileType = sourcecode.swift; path = MeViewController.swift; sourceTree = "<group>"; };
		EFE0F74E1D1D328900AEBBAD /* DetailViewController.swift */ = {isa = PBXFileReference; fileEncoding = 4; lastKnownFileType = sourcecode.swift; path = DetailViewController.swift; sourceTree = "<group>"; };
/* End PBXFileReference section */

/* Begin PBXFrameworksBuildPhase section */
		EFE0F7281D1D0FF100AEBBAD /* Frameworks */ = {
			isa = PBXFrameworksBuildPhase;
			buildActionMask = 2147483647;
			files = (
			);
			runOnlyForDeploymentPostprocessing = 0;
		};
/* End PBXFrameworksBuildPhase section */

/* Begin PBXGroup section */
		EFE0F7221D1D0FF100AEBBAD = {
			isa = PBXGroup;
			children = (
				EFE0F72D1D1D0FF100AEBBAD /* CustomTabBar */,
				EFE0F72C1D1D0FF100AEBBAD /* Products */,
			);
			sourceTree = "<group>";
		};
		EFE0F72C1D1D0FF100AEBBAD /* Products */ = {
			isa = PBXGroup;
			children = (
				EFE0F72B1D1D0FF100AEBBAD /* CustomTabBar.app */,
			);
			name = Products;
			sourceTree = "<group>";
		};
		EFE0F72D1D1D0FF100AEBBAD /* CustomTabBar */ = {
			isa = PBXGroup;
			children = (
				EFE0F72E1D1D0FF100AEBBAD /* AppDelegate.swift */,
				EFE0F7301D1D0FF100AEBBAD /* ViewController.swift */,
				EFE0F7321D1D0FF100AEBBAD /* Main.storyboard */,
				EFE0F7351D1D0FF100AEBBAD /* Assets.xcassets */,
				EFE0F7371D1D0FF100AEBBAD /* LaunchScreen.storyboard */,
				EFE0F73A1D1D0FF100AEBBAD /* Info.plist */,
				EFE0F7421D1D10AD00AEBBAD /* CustomTabBar.swift */,
				EFE0F7401D1D107F00AEBBAD /* CustomTabBarController.swift */,
				EFE0F7441D1D283D00AEBBAD /* MainViewController.swift */,
				EFE0F74E1D1D328900AEBBAD /* DetailViewController.swift */,
				EFE0F7461D1D287100AEBBAD /* ClassifyViewController.swift */,
				EFE0F7481D1D28B900AEBBAD /* DynamicViewController.swift */,
				EFE0F74A1D1D28C800AEBBAD /* SetViewController.swift */,
				EFE0F74C1D1D28D100AEBBAD /* MeViewController.swift */,
			);
			path = CustomTabBar;
			sourceTree = "<group>";
		};
/* End PBXGroup section */

/* Begin PBXNativeTarget section */
		EFE0F72A1D1D0FF100AEBBAD /* CustomTabBar */ = {
			isa = PBXNativeTarget;
			buildConfigurationList = EFE0F73D1D1D0FF100AEBBAD /* Build configuration list for PBXNativeTarget "CustomTabBar" */;
			buildPhases = (
				EFE0F7271D1D0FF100AEBBAD /* Sources */,
				EFE0F7281D1D0FF100AEBBAD /* Frameworks */,
				EFE0F7291D1D0FF100AEBBAD /* Resources */,
			);
			buildRules = (
			);
			dependencies = (
			);
			name = CustomTabBar;
			productName = CustomTabBar;
			productReference = EFE0F72B1D1D0FF100AEBBAD /* CustomTabBar.app */;
			productType = "com.apple.product-type.application";
		};
/* End PBXNativeTarget section */

/* Begin PBXProject section */
		EFE0F7231D1D0FF100AEBBAD /* Project object */ = {
			isa = PBXProject;
			attributes = {
				LastSwiftUpdateCheck = 0730;
				LastUpgradeCheck = 0730;
				ORGANIZATIONNAME = "叶一帆";
				TargetAttributes = {
					EFE0F72A1D1D0FF100AEBBAD = {
						CreatedOnToolsVersion = 7.3.1;
						DevelopmentTeam = 496YSQEJAX;
					};
				};
			};
			buildConfigurationList = EFE0F7261D1D0FF100AEBBAD /* Build configuration list for PBXProject "CustomTabBar" */;
			compatibilityVersion = "Xcode 3.2";
			developmentRegion = English;
			hasScannedForEncodings = 0;
			knownRegions = (
				en,
				Base,
			);
			mainGroup = EFE0F7221D1D0FF100AEBBAD;
			productRefGroup = EFE0F72C1D1D0FF100AEBBAD /* Products */;
			projectDirPath = "";
			projectRoot = "";
			targets = (
				EFE0F72A1D1D0FF100AEBBAD /* CustomTabBar */,
			);
		};
/* End PBXProject section */

/* Begin PBXResourcesBuildPhase section */
		EFE0F7291D1D0FF100AEBBAD /* Resources */ = {
			isa = PBXResourcesBuildPhase;
			buildActionMask = 2147483647;
			files = (
				EFE0F7391D1D0FF100AEBBAD /* LaunchScreen.storyboard in Resources */,
				EFE0F7361D1D0FF100AEBBAD /* Assets.xcassets in Resources */,
				EFE0F7341D1D0FF100AEBBAD /* Main.storyboard in Resources */,
			);
			runOnlyForDeploymentPostprocessing = 0;
		};
/* End PBXResourcesBuildPhase section */

/* Begin PBXSourcesBuildPhase section */
		EFE0F7271D1D0FF100AEBBAD /* Sources */ = {
			isa = PBXSourcesBuildPhase;
			buildActionMask = 2147483647;
			files = (
				EFE0F74D1D1D28D100AEBBAD /* MeViewController.swift in Sources */,
				EFE0F7431D1D10AD00AEBBAD /* CustomTabBar.swift in Sources */,
				EFE0F7311D1D0FF100AEBBAD /* ViewController.swift in Sources */,
				EFE0F7471D1D287100AEBBAD /* ClassifyViewController.swift in Sources */,
				EFE0F72F1D1D0FF100AEBBAD /* AppDelegate.swift in Sources */,
				EFE0F7491D1D28B900AEBBAD /* DynamicViewController.swift in Sources */,
				EFE0F74B1D1D28C800AEBBAD /* SetViewController.swift in Sources */,
				EFE0F74F1D1D328900AEBBAD /* DetailViewController.swift in Sources */,
				EFE0F7411D1D107F00AEBBAD /* CustomTabBarController.swift in Sources */,
				EFE0F7451D1D283D00AEBBAD /* MainViewController.swift in Sources */,
			);
			runOnlyForDeploymentPostprocessing = 0;
		};
/* End PBXSourcesBuildPhase section */

/* Begin PBXVariantGroup section */
		EFE0F7321D1D0FF100AEBBAD /* Main.storyboard */ = {
			isa = PBXVariantGroup;
			children = (
				EFE0F7331D1D0FF100AEBBAD /* Base */,
			);
			name = Main.storyboard;
			sourceTree = "<group>";
		};
		EFE0F7371D1D0FF100AEBBAD /* LaunchScreen.storyboard */ = {
			isa = PBXVariantGroup;
			children = (
				EFE0F7381D1D0FF100AEBBAD /* Base */,
			);
			name = LaunchScreen.storyboard;
			sourceTree = "<group>";
		};
/* End PBXVariantGroup section */

/* Begin XCBuildConfiguration section */
		EFE0F73B1D1D0FF100AEBBAD /* Debug */ = {
			isa = XCBuildConfiguration;
			buildSettings = {
				ALWAYS_SEARCH_USER_PATHS = NO;
				CLANG_ANALYZER_NONNULL = YES;
				CLANG_CXX_LANGUAGE_STANDARD = "gnu++0x";
				CLANG_CXX_LIBRARY = "libc++";
				CLANG_ENABLE_MODULES = YES;
				CLANG_ENABLE_OBJC_ARC = YES;
				CLANG_WARN_BOOL_CONVERSION = YES;
				CLANG_WARN_CONSTANT_CONVERSION = YES;
				CLANG_WARN_DIRECT_OBJC_ISA_USAGE = YES_ERROR;
				CLANG_WARN_EMPTY_BODY = YES;
				CLANG_WARN_ENUM_CONVERSION = YES;
				CLANG_WARN_INT_CONVERSION = YES;
				CLANG_WARN_OBJC_ROOT_CLASS = YES_ERROR;
				CLANG_WARN_UNREACHABLE_CODE = YES;
				CLANG_WARN__DUPLICATE_METHOD_MATCH = YES;
				"CODE_SIGN_IDENTITY[sdk=iphoneos*]" = "iPhone Developer";
				COPY_PHASE_STRIP = NO;
				DEBUG_INFORMATION_FORMAT = dwarf;
				ENABLE_STRICT_OBJC_MSGSEND = YES;
				ENABLE_TESTABILITY = YES;
				GCC_C_LANGUAGE_STANDARD = gnu99;
				GCC_DYNAMIC_NO_PIC = NO;
				GCC_NO_COMMON_BLOCKS = YES;
				GCC_OPTIMIZATION_LEVEL = 0;
				GCC_PREPROCESSOR_DEFINITIONS = (
					"DEBUG=1",
					"$(inherited)",
				);
				GCC_WARN_64_TO_32_BIT_CONVERSION = YES;
				GCC_WARN_ABOUT_RETURN_TYPE = YES_ERROR;
				GCC_WARN_UNDECLARED_SELECTOR = YES;
				GCC_WARN_UNINITIALIZED_AUTOS = YES_AGGRESSIVE;
				GCC_WARN_UNUSED_FUNCTION = YES;
				GCC_WARN_UNUSED_VARIABLE = YES;
				IPHONEOS_DEPLOYMENT_TARGET = 9.3;
				MTL_ENABLE_DEBUG_INFO = YES;
				ONLY_ACTIVE_ARCH = YES;
				SDKROOT = iphoneos;
				SWIFT_OPTIMIZATION_LEVEL = "-Onone";
				TARGETED_DEVICE_FAMILY = "1,2";
			};
			name = Debug;
		};
		EFE0F73C1D1D0FF100AEBBAD /* Release */ = {
			isa = XCBuildConfiguration;
			buildSettings = {
				ALWAYS_SEARCH_USER_PATHS = NO;
				CLANG_ANALYZER_NONNULL = YES;
				CLANG_CXX_LANGUAGE_STANDARD = "gnu++0x";
				CLANG_CXX_LIBRARY = "libc++";
				CLANG_ENABLE_MODULES = YES;
				CLANG_ENABLE_OBJC_ARC = YES;
				CLANG_WARN_BOOL_CONVERSION = YES;
				CLANG_WARN_CONSTANT_CONVERSION = YES;
				CLANG_WARN_DIRECT_OBJC_ISA_USAGE = YES_ERROR;
				CLANG_WARN_EMPTY_BODY = YES;
				CLANG_WARN_ENUM_CONVERSION = YES;
				CLANG_WARN_INT_CONVERSION = YES;
				CLANG_WARN_OBJC_ROOT_CLASS = YES_ERROR;
				CLANG_WARN_UNREACHABLE_CODE = YES;
				CLANG_WARN__DUPLICATE_METHOD_MATCH = YES;
				"CODE_SIGN_IDENTITY[sdk=iphoneos*]" = "iPhone Developer";
				COPY_PHASE_STRIP = NO;
				DEBUG_INFORMATION_FORMAT = "dwarf-with-dsym";
				ENABLE_NS_ASSERTIONS = NO;
				ENABLE_STRICT_OBJC_MSGSEND = YES;
				GCC_C_LANGUAGE_STANDARD = gnu99;
				GCC_NO_COMMON_BLOCKS = YES;
				GCC_WARN_64_TO_32_BIT_CONVERSION = YES;
				GCC_WARN_ABOUT_RETURN_TYPE = YES_ERROR;
				GCC_WARN_UNDECLARED_SELECTOR = YES;
				GCC_WARN_UNINITIALIZED_AUTOS = YES_AGGRESSIVE;
				GCC_WARN_UNUSED_FUNCTION = YES;
				GCC_WARN_UNUSED_VARIABLE = YES;
				IPHONEOS_DEPLOYMENT_TARGET = 9.3;
				MTL_ENABLE_DEBUG_INFO = NO;
				SDKROOT = iphoneos;
				TARGETED_DEVICE_FAMILY = "1,2";
				VALIDATE_PRODUCT = YES;
			};
			name = Release;
		};
		EFE0F73E1D1D0FF100AEBBAD /* Debug */ = {
			isa = XCBuildConfiguration;
			buildSettings = {
				ASSETCATALOG_COMPILER_APPICON_NAME = AppIcon;
				INFOPLIST_FILE = CustomTabBar/Info.plist;
				LD_RUNPATH_SEARCH_PATHS = "$(inherited) @executable_path/Frameworks";
				PRODUCT_BUNDLE_IDENTIFIER = NewProject.CustomTabBar;
				PRODUCT_NAME = "$(TARGET_NAME)";
			};
			name = Debug;
		};
		EFE0F73F1D1D0FF100AEBBAD /* Release */ = {
			isa = XCBuildConfiguration;
			buildSettings = {
				ASSETCATALOG_COMPILER_APPICON_NAME = AppIcon;
				INFOPLIST_FILE = CustomTabBar/Info.plist;
				LD_RUNPATH_SEARCH_PATHS = "$(inherited) @executable_path/Frameworks";
				PRODUCT_BUNDLE_IDENTIFIER = NewProject.CustomTabBar;
				PRODUCT_NAME = "$(TARGET_NAME)";
			};
			name = Release;
		};
/* End XCBuildConfiguration section */

/* Begin XCConfigurationList section */
		EFE0F7261D1D0FF100AEBBAD /* Build configuration list for PBXProject "CustomTabBar" */ = {
			isa = XCConfigurationList;
			buildConfigurations = (
				EFE0F73B1D1D0FF100AEBBAD /* Debug */,
				EFE0F73C1D1D0FF100AEBBAD /* Release */,
			);
			defaultConfigurationIsVisible = 0;
			defaultConfigurationName = Release;
		};
		EFE0F73D1D1D0FF100AEBBAD /* Build configuration list for PBXNativeTarget "CustomTabBar" */ = {
			isa = XCConfigurationList;
			buildConfigurations = (
				EFE0F73E1D1D0FF100AEBBAD /* Debug */,
				EFE0F73F1D1D0FF100AEBBAD /* Release */,
			);
			defaultConfigurationIsVisible = 0;
		};
/* End XCConfigurationList section */
	};
	rootObject = EFE0F7231D1D0FF100AEBBAD /* Project object */;
}
